// !$*UTF8*$!
{
	archiveVersion = 1;
	classes = {
	};
	objectVersion = 56;
	objects = {

/* Begin PBXBuildFile section */
		419A606B2A451E5F0031DE8D /* JP_Apex_PredatorsApp.swift in Sources */ = {isa = PBXBuildFile; fileRef = 419A606A2A451E5F0031DE8D /* JP_Apex_PredatorsApp.swift */; };
		419A606D2A451E5F0031DE8D /* ContentView.swift in Sources */ = {isa = PBXBuildFile; fileRef = 419A606C2A451E5F0031DE8D /* ContentView.swift */; };
		419A606F2A451E600031DE8D /* Assets.xcassets in Resources */ = {isa = PBXBuildFile; fileRef = 419A606E2A451E600031DE8D /* Assets.xcassets */; };
		419A60722A451E600031DE8D /* Preview Assets.xcassets in Resources */ = {isa = PBXBuildFile; fileRef = 419A60712A451E600031DE8D /* Preview Assets.xcassets */; };
		419A60792A4520F60031DE8D /* jpapexpredators.json in Resources */ = {isa = PBXBuildFile; fileRef = 419A60782A4520F60031DE8D /* jpapexpredators.json */; };
		419A607B2A4521740031DE8D /* ApexPredator.swift in Sources */ = {isa = PBXBuildFile; fileRef = 419A607A2A4521740031DE8D /* ApexPredator.swift */; };
		419A607D2A4522940031DE8D /* PredatorController.swift in Sources */ = {isa = PBXBuildFile; fileRef = 419A607C2A4522940031DE8D /* PredatorController.swift */; };
		419A607F2A4526C40031DE8D /* PredatorDetails.swift in Sources */ = {isa = PBXBuildFile; fileRef = 419A607E2A4526C40031DE8D /* PredatorDetails.swift */; };
		419A60812A4527A80031DE8D /* PredatorRow.swift in Sources */ = {isa = PBXBuildFile; fileRef = 419A60802A4527A80031DE8D /* PredatorRow.swift */; };
/* End PBXBuildFile section */

/* Begin PBXFileReference section */
		419A60672A451E5F0031DE8D /* JP Apex Predators.app */ = {isa = PBXFileReference; explicitFileType = wrapper.application; includeInIndex = 0; path = "JP Apex Predators.app"; sourceTree = BUILT_PRODUCTS_DIR; };
		419A606A2A451E5F0031DE8D /* JP_Apex_PredatorsApp.swift */ = {isa = PBXFileReference; lastKnownFileType = sourcecode.swift; path = JP_Apex_PredatorsApp.swift; sourceTree = "<group>"; };
		419A606C2A451E5F0031DE8D /* ContentView.swift */ = {isa = PBXFileReference; lastKnownFileType = sourcecode.swift; path = ContentView.swift; sourceTree = "<group>"; };
		419A606E2A451E600031DE8D /* Assets.xcassets */ = {isa = PBXFileReference; lastKnownFileType = folder.assetcatalog; path = Assets.xcassets; sourceTree = "<group>"; };
		419A60712A451E600031DE8D /* Preview Assets.xcassets */ = {isa = PBXFileReference; lastKnownFileType = folder.assetcatalog; path = "Preview Assets.xcassets"; sourceTree = "<group>"; };
		419A60782A4520F60031DE8D /* jpapexpredators.json */ = {isa = PBXFileReference; fileEncoding = 4; lastKnownFileType = text.json; path = jpapexpredators.json; sourceTree = "<group>"; };
		419A607A2A4521740031DE8D /* ApexPredator.swift */ = {isa = PBXFileReference; lastKnownFileType = sourcecode.swift; path = ApexPredator.swift; sourceTree = "<group>"; };
		419A607C2A4522940031DE8D /* PredatorController.swift */ = {isa = PBXFileReference; lastKnownFileType = sourcecode.swift; path = PredatorController.swift; sourceTree = "<group>"; };
		419A607E2A4526C40031DE8D /* PredatorDetails.swift */ = {isa = PBXFileReference; lastKnownFileType = sourcecode.swift; path = PredatorDetails.swift; sourceTree = "<group>"; };
		419A60802A4527A80031DE8D /* PredatorRow.swift */ = {isa = PBXFileReference; lastKnownFileType = sourcecode.swift; path = PredatorRow.swift; sourceTree = "<group>"; };
/* End PBXFileReference section */

/* Begin PBXFrameworksBuildPhase section */
		419A60642A451E5F0031DE8D /* Frameworks */ = {
			isa = PBXFrameworksBuildPhase;
			buildActionMask = 2147483647;
			files = (
			);
			runOnlyForDeploymentPostprocessing = 0;
		};
/* End PBXFrameworksBuildPhase section */

/* Begin PBXGroup section */
		419A605E2A451E5F0031DE8D = {
			isa = PBXGroup;
			children = (
				419A60692A451E5F0031DE8D /* JP Apex Predators */,
				419A60682A451E5F0031DE8D /* Products */,
			);
			sourceTree = "<group>";
		};
		419A60682A451E5F0031DE8D /* Products */ = {
			isa = PBXGroup;
			children = (
				419A60672A451E5F0031DE8D /* JP Apex Predators.app */,
			);
			name = Products;
			sourceTree = "<group>";
		};
		419A60692A451E5F0031DE8D /* JP Apex Predators */ = {
			isa = PBXGroup;
			children = (
				419A606A2A451E5F0031DE8D /* JP_Apex_PredatorsApp.swift */,
				419A607A2A4521740031DE8D /* ApexPredator.swift */,
				419A607C2A4522940031DE8D /* PredatorController.swift */,
				419A606C2A451E5F0031DE8D /* ContentView.swift */,
				419A60802A4527A80031DE8D /* PredatorRow.swift */,
				419A607E2A4526C40031DE8D /* PredatorDetails.swift */,
				419A60782A4520F60031DE8D /* jpapexpredators.json */,
				419A606E2A451E600031DE8D /* Assets.xcassets */,
				419A60702A451E600031DE8D /* Preview Content */,
			);
			path = "JP Apex Predators";
			sourceTree = "<group>";
		};
		419A60702A451E600031DE8D /* Preview Content */ = {
			isa = PBXGroup;
			children = (
				419A60712A451E600031DE8D /* Preview Assets.xcassets */,
			);
			path = "Preview Content";
			sourceTree = "<group>";
		};
/* End PBXGroup section */

/* Begin PBXNativeTarget section */
		419A60662A451E5F0031DE8D /* JP Apex Predators */ = {
			isa = PBXNativeTarget;
			buildConfigurationList = 419A60752A451E600031DE8D /* Build configuration list for PBXNativeTarget "JP Apex Predators" */;
			buildPhases = (
				419A60632A451E5F0031DE8D /* Sources */,
				419A60642A451E5F0031DE8D /* Frameworks */,
				419A60652A451E5F0031DE8D /* Resources */,
			);
			buildRules = (
			);
			dependencies = (
			);
			name = "JP Apex Predators";
			productName = "JP Apex Predators";
			productReference = 419A60672A451E5F0031DE8D /* JP Apex Predators.app */;
			productType = "com.apple.product-type.application";
		};
/* End PBXNativeTarget section */

/* Begin PBXProject section */
		419A605F2A451E5F0031DE8D /* Project object */ = {
			isa = PBXProject;
			attributes = {
				BuildIndependentTargetsInParallel = 1;
				LastSwiftUpdateCheck = 1430;
				LastUpgradeCheck = 1430;
				TargetAttributes = {
					419A60662A451E5F0031DE8D = {
						CreatedOnToolsVersion = 14.3.1;
					};
				};
			};
			buildConfigurationList = 419A60622A451E5F0031DE8D /* Build configuration list for PBXProject "JP Apex Predators" */;
			compatibilityVersion = "Xcode 14.0";
			developmentRegion = en;
			hasScannedForEncodings = 0;
			knownRegions = (
				en,
				Base,
			);
			mainGroup = 419A605E2A451E5F0031DE8D;
			productRefGroup = 419A60682A451E5F0031DE8D /* Products */;
			projectDirPath = "";
			projectRoot = "";
			targets = (
				419A60662A451E5F0031DE8D /* JP Apex Predators */,
			);
		};
/* End PBXProject section */

/* Begin PBXResourcesBuildPhase section */
		419A60652A451E5F0031DE8D /* Resources */ = {
			isa = PBXResourcesBuildPhase;
			buildActionMask = 2147483647;
			files = (
				419A60722A451E600031DE8D /* Preview Assets.xcassets in Resources */,
				419A606F2A451E600031DE8D /* Assets.xcassets in Resources */,
				419A60792A4520F60031DE8D /* jpapexpredators.json in Resources */,
			);
			runOnlyForDeploymentPostprocessing = 0;
		};
/* End PBXResourcesBuildPhase section */

/* Begin PBXSourcesBuildPhase section */
		419A60632A451E5F0031DE8D /* Sources */ = {
			isa = PBXSourcesBuildPhase;
			buildActionMask = 2147483647;
			files = (
				419A607D2A4522940031DE8D /* PredatorController.swift in Sources */,
				419A607F2A4526C40031DE8D /* PredatorDetails.swift in Sources */,
				419A607B2A4521740031DE8D /* ApexPredator.swift in Sources */,
				419A606D2A451E5F0031DE8D /* ContentView.swift in Sources */,
				419A606B2A451E5F0031DE8D /* JP_Apex_PredatorsApp.swift in Sources */,
				419A60812A4527A80031DE8D /* PredatorRow.swift in Sources */,
			);
			runOnlyForDeploymentPostprocessing = 0;
		};
/* End PBXSourcesBuildPhase section */

/* Begin XCBuildConfiguration section */
		419A60732A451E600031DE8D /* Debug */ = {
			isa = XCBuildConfiguration;
			buildSettings = {
				ALWAYS_SEARCH_USER_PATHS = NO;
				CLANG_ANALYZER_NONNULL = YES;
				CLANG_ANALYZER_NUMBER_OBJECT_CONVERSION = YES_AGGRESSIVE;
				CLANG_CXX_LANGUAGE_STANDARD = "gnu++20";
				CLANG_ENABLE_MODULES = YES;
				CLANG_ENABLE_OBJC_ARC = YES;
				CLANG_ENABLE_OBJC_WEAK = YES;
				CLANG_WARN_BLOCK_CAPTURE_AUTORELEASING = YES;
				CLANG_WARN_BOOL_CONVERSION = YES;
				CLANG_WARN_COMMA = YES;
				CLANG_WARN_CONSTANT_CONVERSION = YES;
				CLANG_WARN_DEPRECATED_OBJC_IMPLEMENTATIONS = YES;
				CLANG_WARN_DIRECT_OBJC_ISA_USAGE = YES_ERROR;
				CLANG_WARN_DOCUMENTATION_COMMENTS = YES;
				CLANG_WARN_EMPTY_BODY = YES;
				CLANG_WARN_ENUM_CONVERSION = YES;
				CLANG_WARN_INFINITE_RECURSION = YES;
				CLANG_WARN_INT_CONVERSION = YES;
				CLANG_WARN_NON_LITERAL_NULL_CONVERSION = YES;
				CLANG_WARN_OBJC_IMPLICIT_RETAIN_SELF = YES;
				CLANG_WARN_OBJC_LITERAL_CONVERSION = YES;
				CLANG_WARN_OBJC_ROOT_CLASS = YES_ERROR;
				CLANG_WARN_QUOTED_INCLUDE_IN_FRAMEWORK_HEADER = YES;
				CLANG_WARN_RANGE_LOOP_ANALYSIS = YES;
				CLANG_WARN_STRICT_PROTOTYPES = YES;
				CLANG_WARN_SUSPICIOUS_MOVE = YES;
				CLANG_WARN_UNGUARDED_AVAILABILITY = YES_AGGRESSIVE;
				CLANG_WARN_UNREACHABLE_CODE = YES;
				CLANG_WARN__DUPLICATE_METHOD_MATCH = YES;
				COPY_PHASE_STRIP = NO;
				DEBUG_INFORMATION_FORMAT = dwarf;
				ENABLE_STRICT_OBJC_MSGSEND = YES;
				ENABLE_TESTABILITY = YES;
				GCC_C_LANGUAGE_STANDARD = gnu11;
				GCC_DYNAMIC_NO_PIC = NO;
				GCC_NO_COMMON_BLOCKS = YES;
				GCC_OPTIMIZATION_LEVEL = 0;
				GCC_PREPROCESSOR_DEFINITIONS = (
					"DEBUG=1",
					"$(inherited)",
				);
				GCC_WARN_64_TO_32_BIT_CONVERSION = YES;
				GCC_WARN_ABOUT_RETURN_TYPE = YES_ERROR;
				GCC_WARN_UNDECLARED_SELECTOR = YES;
				GCC_WARN_UNINITIALIZED_AUTOS = YES_AGGRESSIVE;
				GCC_WARN_UNUSED_FUNCTION = YES;
				GCC_WARN_UNUSED_VARIABLE = YES;
				IPHONEOS_DEPLOYMENT_TARGET = 16.4;
				MTL_ENABLE_DEBUG_INFO = INCLUDE_SOURCE;
				MTL_FAST_MATH = YES;
				ONLY_ACTIVE_ARCH = YES;
				SDKROOT = iphoneos;
				SWIFT_ACTIVE_COMPILATION_CONDITIONS = DEBUG;
				SWIFT_OPTIMIZATION_LEVEL = "-Onone";
			};
			name = Debug;
		};
		419A60742A451E600031DE8D /* Release */ = {
			isa = XCBuildConfiguration;
			buildSettings = {
				ALWAYS_SEARCH_USER_PATHS = NO;
				CLANG_ANALYZER_NONNULL = YES;
				CLANG_ANALYZER_NUMBER_OBJECT_CONVERSION = YES_AGGRESSIVE;
				CLANG_CXX_LANGUAGE_STANDARD = "gnu++20";
				CLANG_ENABLE_MODULES = YES;
				CLANG_ENABLE_OBJC_ARC = YES;
				CLANG_ENABLE_OBJC_WEAK = YES;
				CLANG_WARN_BLOCK_CAPTURE_AUTORELEASING = YES;
				CLANG_WARN_BOOL_CONVERSION = YES;
				CLANG_WARN_COMMA = YES;
				CLANG_WARN_CONSTANT_CONVERSION = YES;
				CLANG_WARN_DEPRECATED_OBJC_IMPLEMENTATIONS = YES;
				CLANG_WARN_DIRECT_OBJC_ISA_USAGE = YES_ERROR;
				CLANG_WARN_DOCUMENTATION_COMMENTS = YES;
				CLANG_WARN_EMPTY_BODY = YES;
				CLANG_WARN_ENUM_CONVERSION = YES;
				CLANG_WARN_INFINITE_RECURSION = YES;
				CLANG_WARN_INT_CONVERSION = YES;
				CLANG_WARN_NON_LITERAL_NULL_CONVERSION = YES;
				CLANG_WARN_OBJC_IMPLICIT_RETAIN_SELF = YES;
				CLANG_WARN_OBJC_LITERAL_CONVERSION = YES;
				CLANG_WARN_OBJC_ROOT_CLASS = YES_ERROR;
				CLANG_WARN_QUOTED_INCLUDE_IN_FRAMEWORK_HEADER = YES;
				CLANG_WARN_RANGE_LOOP_ANALYSIS = YES;
				CLANG_WARN_STRICT_PROTOTYPES = YES;
				CLANG_WARN_SUSPICIOUS_MOVE = YES;
				CLANG_WARN_UNGUARDED_AVAILABILITY = YES_AGGRESSIVE;
				CLANG_WARN_UNREACHABLE_CODE = YES;
				CLANG_WARN__DUPLICATE_METHOD_MATCH = YES;
				COPY_PHASE_STRIP = NO;
				DEBUG_INFORMATION_FORMAT = "dwarf-with-dsym";
				ENABLE_NS_ASSERTIONS = NO;
				ENABLE_STRICT_OBJC_MSGSEND = YES;
				GCC_C_LANGUAGE_STANDARD = gnu11;
				GCC_NO_COMMON_BLOCKS = YES;
				GCC_WARN_64_TO_32_BIT_CONVERSION = YES;
				GCC_WARN_ABOUT_RETURN_TYPE = YES_ERROR;
				GCC_WARN_UNDECLARED_SELECTOR = YES;
				GCC_WARN_UNINITIALIZED_AUTOS = YES_AGGRESSIVE;
				GCC_WARN_UNUSED_FUNCTION = YES;
				GCC_WARN_UNUSED_VARIABLE = YES;
				IPHONEOS_DEPLOYMENT_TARGET = 16.4;
				MTL_ENABLE_DEBUG_INFO = NO;
				MTL_FAST_MATH = YES;
				SDKROOT = iphoneos;
				SWIFT_COMPILATION_MODE = wholemodule;
				SWIFT_OPTIMIZATION_LEVEL = "-O";
				VALIDATE_PRODUCT = YES;
			};
			name = Release;
		};
		419A60762A451E600031DE8D /* Debug */ = {
			isa = XCBuildConfiguration;
			buildSettings = {
				ASSETCATALOG_COMPILER_APPICON_NAME = AppIcon;
				ASSETCATALOG_COMPILER_GLOBAL_ACCENT_COLOR_NAME = AccentColor;
				CODE_SIGN_STYLE = Automatic;
				CURRENT_PROJECT_VERSION = 1;
				DEVELOPMENT_ASSET_PATHS = "\"JP Apex Predators/Preview Content\"";
				DEVELOPMENT_TEAM = 6NZUM7E583;
				ENABLE_PREVIEWS = YES;
				GENERATE_INFOPLIST_FILE = YES;
				INFOPLIST_KEY_UIApplicationSceneManifest_Generation = YES;
				INFOPLIST_KEY_UIApplicationSupportsIndirectInputEvents = YES;
				INFOPLIST_KEY_UILaunchScreen_Generation = YES;
				INFOPLIST_KEY_UISupportedInterfaceOrientations_iPad = "UIInterfaceOrientationPortrait UIInterfaceOrientationPortraitUpsideDown UIInterfaceOrientationLandscapeLeft UIInterfaceOrientationLandscapeRight";
				INFOPLIST_KEY_UISupportedInterfaceOrientations_iPhone = "UIInterfaceOrientationPortrait UIInterfaceOrientationLandscapeLeft UIInterfaceOrientationLandscapeRight";
				LD_RUNPATH_SEARCH_PATHS = (
					"$(inherited)",
					"@executable_path/Frameworks",
				);
				MARKETING_VERSION = 1.0;
				PRODUCT_BUNDLE_IDENTIFIER = "com.metal-sole.JP-Apex-Predators";
				PRODUCT_NAME = "$(TARGET_NAME)";
				SWIFT_EMIT_LOC_STRINGS = YES;
				SWIFT_VERSION = 5.0;
				TARGETED_DEVICE_FAMILY = "1,2";
			};
			name = Debug;
		};
		419A60772A451E600031DE8D /* Release */ = {
			isa = XCBuildConfiguration;
			buildSettings = {
				ASSETCATALOG_COMPILER_APPICON_NAME = AppIcon;
				ASSETCATALOG_COMPILER_GLOBAL_ACCENT_COLOR_NAME = AccentColor;
				CODE_SIGN_STYLE = Automatic;
				CURRENT_PROJECT_VERSION = 1;
				DEVELOPMENT_ASSET_PATHS = "\"JP Apex Predators/Preview Content\"";
				DEVELOPMENT_TEAM = 6NZUM7E583;
				ENABLE_PREVIEWS = YES;
				GENERATE_INFOPLIST_FILE = YES;
				INFOPLIST_KEY_UIApplicationSceneManifest_Generation = YES;
				INFOPLIST_KEY_UIApplicationSupportsIndirectInputEvents = YES;
				INFOPLIST_KEY_UILaunchScreen_Generation = YES;
				INFOPLIST_KEY_UISupportedInterfaceOrientations_iPad = "UIInterfaceOrientationPortrait UIInterfaceOrientationPortraitUpsideDown UIInterfaceOrientationLandscapeLeft UIInterfaceOrientationLandscapeRight";
				INFOPLIST_KEY_UISupportedInterfaceOrientations_iPhone = "UIInterfaceOrientationPortrait UIInterfaceOrientationLandscapeLeft UIInterfaceOrientationLandscapeRight";
				LD_RUNPATH_SEARCH_PATHS = (
					"$(inherited)",
					"@executable_path/Frameworks",
				);
				MARKETING_VERSION = 1.0;
				PRODUCT_BUNDLE_IDENTIFIER = "com.metal-sole.JP-Apex-Predators";
				PRODUCT_NAME = "$(TARGET_NAME)";
				SWIFT_EMIT_LOC_STRINGS = YES;
				SWIFT_VERSION = 5.0;
				TARGETED_DEVICE_FAMILY = "1,2";
			};
			name = Release;
		};
/* End XCBuildConfiguration section */

/* Begin XCConfigurationList section */
		419A60622A451E5F0031DE8D /* Build configuration list for PBXProject "JP Apex Predators" */ = {
			isa = XCConfigurationList;
			buildConfigurations = (
				419A60732A451E600031DE8D /* Debug */,
				419A60742A451E600031DE8D /* Release */,
			);
			defaultConfigurationIsVisible = 0;
			defaultConfigurationName = Release;
		};
		419A60752A451E600031DE8D /* Build configuration list for PBXNativeTarget "JP Apex Predators" */ = {
			isa = XCConfigurationList;
			buildConfigurations = (
				419A60762A451E600031DE8D /* Debug */,
				419A60772A451E600031DE8D /* Release */,
			);
			defaultConfigurationIsVisible = 0;
			defaultConfigurationName = Release;
		};
/* End XCConfigurationList section */
	};
	rootObject = 419A605F2A451E5F0031DE8D /* Project object */;
}
